
Microsoft Visual Studio Solution File, Format Version 12.00
# Visual Studio 15
VisualStudioVersion = 15.0.26730.16
MinimumVisualStudioVersion = 10.0.40219.1
Project("{9092AA53-FB77-4645-B42D-1CCCA6BD08BD}") = "utilities", "utilities.njsproj", "{89925F06-DEE7-4218-AC9C-F28824A53276}"
EndProject
Global
	GlobalSection(SolutionConfigurationPlatforms) = preSolution
		Debug|Any CPU = Debug|Any CPU
		Release|Any CPU = Release|Any CPU
	EndGlobalSection
	GlobalSection(ProjectConfigurationPlatforms) = postSolution
		{89925F06-DEE7-4218-AC9C-F28824A53276}.Debug|Any CPU.ActiveCfg = Debug|Any CPU
		{89925F06-DEE7-4218-AC9C-F28824A53276}.Debug|Any CPU.Build.0 = Debug|Any CPU
		{89925F06-DEE7-4218-AC9C-F28824A53276}.Release|Any CPU.ActiveCfg = Release|Any CPU
		{89925F06-DEE7-4218-AC9C-F28824A53276}.Release|Any CPU.Build.0 = Release|Any CPU
	EndGlobalSection
	GlobalSection(SolutionProperties) = preSolution
		HideSolutionNode = FALSE
	EndGlobalSection
	GlobalSection(ExtensibilityGlobals) = postSolution
		SolutionGuid = {235D6D6A-FBDF-4637-9507-F8D05FE15A20}
	EndGlobalSection
EndGlobal
